// !$*UTF8*$!
{
	archiveVersion = 1;
	classes = {
	};
	objectVersion = 77;
	objects = {

/* Begin PBXContainerItemProxy section */
		FCBBD90C2E8E95B50050232C /* PBXContainerItemProxy */ = {
			isa = PBXContainerItemProxy;
			containerPortal = FCBBD8F62E8E95B10050232C /* Project object */;
			proxyType = 1;
			remoteGlobalIDString = FCBBD8FD2E8E95B10050232C;
			remoteInfo = SinTypo;
		};
		FCBBD9162E8E95B50050232C /* PBXContainerItemProxy */ = {
			isa = PBXContainerItemProxy;
			containerPortal = FCBBD8F62E8E95B10050232C /* Project object */;
			proxyType = 1;
			remoteGlobalIDString = FCBBD8FD2E8E95B10050232C;
			remoteInfo = SinTypo;
		};
/* End PBXContainerItemProxy section */

/* Begin PBXFileReference section */
		FCBBD8FE2E8E95B10050232C /* SinTypo.app */ = {isa = PBXFileReference; explicitFileType = wrapper.application; includeInIndex = 0; path = SinTypo.app; sourceTree = BUILT_PRODUCTS_DIR; };
		FCBBD90B2E8E95B50050232C /* SinTypoTests.xctest */ = {isa = PBXFileReference; explicitFileType = wrapper.cfbundle; includeInIndex = 0; path = SinTypoTests.xctest; sourceTree = BUILT_PRODUCTS_DIR; };
		FCBBD9152E8E95B50050232C /* SinTypoUITests.xctest */ = {isa = PBXFileReference; explicitFileType = wrapper.cfbundle; includeInIndex = 0; path = SinTypoUITests.xctest; sourceTree = BUILT_PRODUCTS_DIR; };
/* End PBXFileReference section */

/* Begin PBXFileSystemSynchronizedRootGroup section */
		FCBBD9002E8E95B10050232C /* SinTypo */ = {
			isa = PBXFileSystemSynchronizedRootGroup;
			path = SinTypo;
			sourceTree = "<group>";
		};
		FCBBD90E2E8E95B50050232C /* SinTypoTests */ = {
			isa = PBXFileSystemSynchronizedRootGroup;
			path = SinTypoTests;
			sourceTree = "<group>";
		};
		FCBBD9182E8E95B50050232C /* SinTypoUITests */ = {
			isa = PBXFileSystemSynchronizedRootGroup;
			path = SinTypoUITests;
			sourceTree = "<group>";
		};
/* End PBXFileSystemSynchronizedRootGroup section */

/* Begin PBXFrameworksBuildPhase section */
		FCBBD8FB2E8E95B10050232C /* Frameworks */ = {
			isa = PBXFrameworksBuildPhase;
			buildActionMask = 2147483647;
			files = (
			);
			runOnlyForDeploymentPostprocessing = 0;
		};
		FCBBD9082E8E95B50050232C /* Frameworks */ = {
			isa = PBXFrameworksBuildPhase;
			buildActionMask = 2147483647;
			files = (
			);
			runOnlyForDeploymentPostprocessing = 0;
		};
		FCBBD9122E8E95B50050232C /* Frameworks */ = {
			isa = PBXFrameworksBuildPhase;
			buildActionMask = 2147483647;
			files = (
			);
			runOnlyForDeploymentPostprocessing = 0;
		};
/* End PBXFrameworksBuildPhase section */

/* Begin PBXGroup section */
		FCBBD8F52E8E95B10050232C = {
			isa = PBXGroup;
			children = (
				FCBBD9002E8E95B10050232C /* SinTypo */,
				FCBBD90E2E8E95B50050232C /* SinTypoTests */,
				FCBBD9182E8E95B50050232C /* SinTypoUITests */,
				FCBBD8FF2E8E95B10050232C /* Products */,
			);
			sourceTree = "<group>";
		};
		FCBBD8FF2E8E95B10050232C /* Products */ = {
			isa = PBXGroup;
			children = (
				FCBBD8FE2E8E95B10050232C /* SinTypo.app */,
				FCBBD90B2E8E95B50050232C /* SinTypoTests.xctest */,
				FCBBD9152E8E95B50050232C /* SinTypoUITests.xctest */,
			);
			name = Products;
			sourceTree = "<group>";
		};
/* End PBXGroup section */

/* Begin PBXNativeTarget section */
		FCBBD8FD2E8E95B10050232C /* SinTypo */ = {
			isa = PBXNativeTarget;
			buildConfigurationList = FCBBD91F2E8E95B50050232C /* Build configuration list for PBXNativeTarget "SinTypo" */;
			buildPhases = (
				FCBBD8FA2E8E95B10050232C /* Sources */,
				FCBBD8FB2E8E95B10050232C /* Frameworks */,
				FCBBD8FC2E8E95B10050232C /* Resources */,
			);
			buildRules = (
			);
			dependencies = (
			);
			fileSystemSynchronizedGroups = (
				FCBBD9002E8E95B10050232C /* SinTypo */,
			);
			name = SinTypo;
			packageProductDependencies = (
			);
			productName = SinTypo;
			productReference = FCBBD8FE2E8E95B10050232C /* SinTypo.app */;
			productType = "com.apple.product-type.application";
		};
		FCBBD90A2E8E95B50050232C /* SinTypoTests */ = {
			isa = PBXNativeTarget;
			buildConfigurationList = FCBBD9222E8E95B50050232C /* Build configuration list for PBXNativeTarget "SinTypoTests" */;
			buildPhases = (
				FCBBD9072E8E95B50050232C /* Sources */,
				FCBBD9082E8E95B50050232C /* Frameworks */,
				FCBBD9092E8E95B50050232C /* Resources */,
			);
			buildRules = (
			);
			dependencies = (
				FCBBD90D2E8E95B50050232C /* PBXTargetDependency */,
			);
			fileSystemSynchronizedGroups = (
				FCBBD90E2E8E95B50050232C /* SinTypoTests */,
			);
			name = SinTypoTests;
			packageProductDependencies = (
			);
			productName = SinTypoTests;
			productReference = FCBBD90B2E8E95B50050232C /* SinTypoTests.xctest */;
			productType = "com.apple.product-type.bundle.unit-test";
		};
		FCBBD9142E8E95B50050232C /* SinTypoUITests */ = {
			isa = PBXNativeTarget;
			buildConfigurationList = FCBBD9252E8E95B50050232C /* Build configuration list for PBXNativeTarget "SinTypoUITests" */;
			buildPhases = (
				FCBBD9112E8E95B50050232C /* Sources */,
				FCBBD9122E8E95B50050232C /* Frameworks */,
				FCBBD9132E8E95B50050232C /* Resources */,
			);
			buildRules = (
			);
			dependencies = (
				FCBBD9172E8E95B50050232C /* PBXTargetDependency */,
			);
			fileSystemSynchronizedGroups = (
				FCBBD9182E8E95B50050232C /* SinTypoUITests */,
			);
			name = SinTypoUITests;
			packageProductDependencies = (
			);
			productName = SinTypoUITests;
			productReference = FCBBD9152E8E95B50050232C /* SinTypoUITests.xctest */;
			productType = "com.apple.product-type.bundle.ui-testing";
		};
/* End PBXNativeTarget section */

/* Begin PBXProject section */
		FCBBD8F62E8E95B10050232C /* Project object */ = {
			isa = PBXProject;
			attributes = {
				BuildIndependentTargetsInParallel = 1;
				LastSwiftUpdateCheck = 1640;
				LastUpgradeCheck = 1640;
				TargetAttributes = {
					FCBBD8FD2E8E95B10050232C = {
						CreatedOnToolsVersion = 16.4;
					};
					FCBBD90A2E8E95B50050232C = {
						CreatedOnToolsVersion = 16.4;
						TestTargetID = FCBBD8FD2E8E95B10050232C;
					};
					FCBBD9142E8E95B50050232C = {
						CreatedOnToolsVersion = 16.4;
						TestTargetID = FCBBD8FD2E8E95B10050232C;
					};
				};
			};
			buildConfigurationList = FCBBD8F92E8E95B10050232C /* Build configuration list for PBXProject "SinTypo" */;
			developmentRegion = en;
			hasScannedForEncodings = 0;
			knownRegions = (
				en,
				Base,
			);
			mainGroup = FCBBD8F52E8E95B10050232C;
			minimizedProjectReferenceProxies = 1;
			preferredProjectObjectVersion = 77;
			productRefGroup = FCBBD8FF2E8E95B10050232C /* Products */;
			projectDirPath = "";
			projectRoot = "";
			targets = (
				FCBBD8FD2E8E95B10050232C /* SinTypo */,
				FCBBD90A2E8E95B50050232C /* SinTypoTests */,
				FCBBD9142E8E95B50050232C /* SinTypoUITests */,
			);
		};
/* End PBXProject section */

/* Begin PBXResourcesBuildPhase section */
		FCBBD8FC2E8E95B10050232C /* Resources */ = {
			isa = PBXResourcesBuildPhase;
			buildActionMask = 2147483647;
			files = (
			);
			runOnlyForDeploymentPostprocessing = 0;
		};
		FCBBD9092E8E95B50050232C /* Resources */ = {
			isa = PBXResourcesBuildPhase;
			buildActionMask = 2147483647;
			files = (
			);
			runOnlyForDeploymentPostprocessing = 0;
		};
		FCBBD9132E8E95B50050232C /* Resources */ = {
			isa = PBXResourcesBuildPhase;
			buildActionMask = 2147483647;
			files = (
			);
			runOnlyForDeploymentPostprocessing = 0;
		};
/* End PBXResourcesBuildPhase section */

/* Begin PBXSourcesBuildPhase section */
		FCBBD8FA2E8E95B10050232C /* Sources */ = {
			isa = PBXSourcesBuildPhase;
			buildActionMask = 2147483647;
			files = (
			);
			runOnlyForDeploymentPostprocessing = 0;
		};
		FCBBD9072E8E95B50050232C /* Sources */ = {
			isa = PBXSourcesBuildPhase;
			buildActionMask = 2147483647;
			files = (
			);
			runOnlyForDeploymentPostprocessing = 0;
		};
		FCBBD9112E8E95B50050232C /* Sources */ = {
			isa = PBXSourcesBuildPhase;
			buildActionMask = 2147483647;
			files = (
			);
			runOnlyForDeploymentPostprocessing = 0;
		};
/* End PBXSourcesBuildPhase section */

/* Begin PBXTargetDependency section */
		FCBBD90D2E8E95B50050232C /* PBXTargetDependency */ = {
			isa = PBXTargetDependency;
			target = FCBBD8FD2E8E95B10050232C /* SinTypo */;
			targetProxy = FCBBD90C2E8E95B50050232C /* PBXContainerItemProxy */;
		};
		FCBBD9172E8E95B50050232C /* PBXTargetDependency */ = {
			isa = PBXTargetDependency;
			target = FCBBD8FD2E8E95B10050232C /* SinTypo */;
			targetProxy = FCBBD9162E8E95B50050232C /* PBXContainerItemProxy */;
		};
/* End PBXTargetDependency section */

/* Begin XCBuildConfiguration section */
		FCBBD91D2E8E95B50050232C /* Debug */ = {
			isa = XCBuildConfiguration;
			buildSettings = {
				ALWAYS_SEARCH_USER_PATHS = NO;
				ASSETCATALOG_COMPILER_GENERATE_SWIFT_ASSET_SYMBOL_EXTENSIONS = YES;
				CLANG_ANALYZER_NONNULL = YES;
				CLANG_ANALYZER_NUMBER_OBJECT_CONVERSION = YES_AGGRESSIVE;
				CLANG_CXX_LANGUAGE_STANDARD = "gnu++20";
				CLANG_ENABLE_MODULES = YES;
				CLANG_ENABLE_OBJC_ARC = YES;
				CLANG_ENABLE_OBJC_WEAK = YES;
				CLANG_WARN_BLOCK_CAPTURE_AUTORELEASING = YES;
				CLANG_WARN_BOOL_CONVERSION = YES;
				CLANG_WARN_COMMA = YES;
				CLANG_WARN_CONSTANT_CONVERSION = YES;
				CLANG_WARN_DEPRECATED_OBJC_IMPLEMENTATIONS = YES;
				CLANG_WARN_DIRECT_OBJC_ISA_USAGE = YES_ERROR;
				CLANG_WARN_DOCUMENTATION_COMMENTS = YES;
				CLANG_WARN_EMPTY_BODY = YES;
				CLANG_WARN_ENUM_CONVERSION = YES;
				CLANG_WARN_INFINITE_RECURSION = YES;
				CLANG_WARN_INT_CONVERSION = YES;
				CLANG_WARN_NON_LITERAL_NULL_CONVERSION = YES;
				CLANG_WARN_OBJC_IMPLICIT_RETAIN_SELF = YES;
				CLANG_WARN_OBJC_LITERAL_CONVERSION = YES;
				CLANG_WARN_OBJC_ROOT_CLASS = YES_ERROR;
				CLANG_WARN_QUOTED_INCLUDE_IN_FRAMEWORK_HEADER = YES;
				CLANG_WARN_RANGE_LOOP_ANALYSIS = YES;
				CLANG_WARN_STRICT_PROTOTYPES = YES;
				CLANG_WARN_SUSPICIOUS_MOVE = YES;
				CLANG_WARN_UNGUARDED_AVAILABILITY = YES_AGGRESSIVE;
				CLANG_WARN_UNREACHABLE_CODE = YES;
				CLANG_WARN__DUPLICATE_METHOD_MATCH = YES;
				COPY_PHASE_STRIP = NO;
				DEBUG_INFORMATION_FORMAT = dwarf;
				ENABLE_STRICT_OBJC_MSGSEND = YES;
				ENABLE_TESTABILITY = YES;
				ENABLE_USER_SCRIPT_SANDBOXING = YES;
				GCC_C_LANGUAGE_STANDARD = gnu17;
				GCC_DYNAMIC_NO_PIC = NO;
				GCC_NO_COMMON_BLOCKS = YES;
				GCC_OPTIMIZATION_LEVEL = 0;
				GCC_PREPROCESSOR_DEFINITIONS = (
					"DEBUG=1",
					"$(inherited)",
				);
				GCC_WARN_64_TO_32_BIT_CONVERSION = YES;
				GCC_WARN_ABOUT_RETURN_TYPE = YES_ERROR;
				GCC_WARN_UNDECLARED_SELECTOR = YES;
				GCC_WARN_UNINITIALIZED_AUTOS = YES_AGGRESSIVE;
				GCC_WARN_UNUSED_FUNCTION = YES;
				GCC_WARN_UNUSED_VARIABLE = YES;
				IPHONEOS_DEPLOYMENT_TARGET = 18.5;
				LOCALIZATION_PREFERS_STRING_CATALOGS = YES;
				MTL_ENABLE_DEBUG_INFO = INCLUDE_SOURCE;
				MTL_FAST_MATH = YES;
				ONLY_ACTIVE_ARCH = YES;
				SDKROOT = iphoneos;
				SWIFT_ACTIVE_COMPILATION_CONDITIONS = "DEBUG $(inherited)";
				SWIFT_OPTIMIZATION_LEVEL = "-Onone";
			};
			name = Debug;
		};
		FCBBD91E2E8E95B50050232C /* Release */ = {
			isa = XCBuildConfiguration;
			buildSettings = {
				ALWAYS_SEARCH_USER_PATHS = NO;
				ASSETCATALOG_COMPILER_GENERATE_SWIFT_ASSET_SYMBOL_EXTENSIONS = YES;
				CLANG_ANALYZER_NONNULL = YES;
				CLANG_ANALYZER_NUMBER_OBJECT_CONVERSION = YES_AGGRESSIVE;
				CLANG_CXX_LANGUAGE_STANDARD = "gnu++20";
				CLANG_ENABLE_MODULES = YES;
				CLANG_ENABLE_OBJC_ARC = YES;
				CLANG_ENABLE_OBJC_WEAK = YES;
				CLANG_WARN_BLOCK_CAPTURE_AUTORELEASING = YES;
				CLANG_WARN_BOOL_CONVERSION = YES;
				CLANG_WARN_COMMA = YES;
				CLANG_WARN_CONSTANT_CONVERSION = YES;
				CLANG_WARN_DEPRECATED_OBJC_IMPLEMENTATIONS = YES;
				CLANG_WARN_DIRECT_OBJC_ISA_USAGE = YES_ERROR;
				CLANG_WARN_DOCUMENTATION_COMMENTS = YES;
				CLANG_WARN_EMPTY_BODY = YES;
				CLANG_WARN_ENUM_CONVERSION = YES;
				CLANG_WARN_INFINITE_RECURSION = YES;
				CLANG_WARN_INT_CONVERSION = YES;
				CLANG_WARN_NON_LITERAL_NULL_CONVERSION = YES;
				CLANG_WARN_OBJC_IMPLICIT_RETAIN_SELF = YES;
				CLANG_WARN_OBJC_LITERAL_CONVERSION = YES;
				CLANG_WARN_OBJC_ROOT_CLASS = YES_ERROR;
				CLANG_WARN_QUOTED_INCLUDE_IN_FRAMEWORK_HEADER = YES;
				CLANG_WARN_RANGE_LOOP_ANALYSIS = YES;
				CLANG_WARN_STRICT_PROTOTYPES = YES;
				CLANG_WARN_SUSPICIOUS_MOVE = YES;
				CLANG_WARN_UNGUARDED_AVAILABILITY = YES_AGGRESSIVE;
				CLANG_WARN_UNREACHABLE_CODE = YES;
				CLANG_WARN__DUPLICATE_METHOD_MATCH = YES;
				COPY_PHASE_STRIP = NO;
				DEBUG_INFORMATION_FORMAT = "dwarf-with-dsym";
				ENABLE_NS_ASSERTIONS = NO;
				ENABLE_STRICT_OBJC_MSGSEND = YES;
				ENABLE_USER_SCRIPT_SANDBOXING = YES;
				GCC_C_LANGUAGE_STANDARD = gnu17;
				GCC_NO_COMMON_BLOCKS = YES;
				GCC_WARN_64_TO_32_BIT_CONVERSION = YES;
				GCC_WARN_ABOUT_RETURN_TYPE = YES_ERROR;
				GCC_WARN_UNDECLARED_SELECTOR = YES;
				GCC_WARN_UNINITIALIZED_AUTOS = YES_AGGRESSIVE;
				GCC_WARN_UNUSED_FUNCTION = YES;
				GCC_WARN_UNUSED_VARIABLE = YES;
				IPHONEOS_DEPLOYMENT_TARGET = 18.5;
				LOCALIZATION_PREFERS_STRING_CATALOGS = YES;
				MTL_ENABLE_DEBUG_INFO = NO;
				MTL_FAST_MATH = YES;
				SDKROOT = iphoneos;
				SWIFT_COMPILATION_MODE = wholemodule;
				VALIDATE_PRODUCT = YES;
			};
			name = Release;
		};
		FCBBD9202E8E95B50050232C /* Debug */ = {
			isa = XCBuildConfiguration;
			buildSettings = {
				ASSETCATALOG_COMPILER_APPICON_NAME = AppIcon;
				ASSETCATALOG_COMPILER_GLOBAL_ACCENT_COLOR_NAME = AccentColor;
				CODE_SIGN_STYLE = Automatic;
				CURRENT_PROJECT_VERSION = 1;
				ENABLE_PREVIEWS = YES;
				GENERATE_INFOPLIST_FILE = YES;
				INFOPLIST_KEY_UIApplicationSceneManifest_Generation = YES;
				INFOPLIST_KEY_UIApplicationSupportsIndirectInputEvents = YES;
				INFOPLIST_KEY_UILaunchScreen_Generation = YES;
				INFOPLIST_KEY_UISupportedInterfaceOrientations_iPad = "UIInterfaceOrientationPortrait UIInterfaceOrientationPortraitUpsideDown UIInterfaceOrientationLandscapeLeft UIInterfaceOrientationLandscapeRight";
				INFOPLIST_KEY_UISupportedInterfaceOrientations_iPhone = "UIInterfaceOrientationPortrait UIInterfaceOrientationLandscapeLeft UIInterfaceOrientationLandscapeRight";
				LD_RUNPATH_SEARCH_PATHS = (
					"$(inherited)",
					"@executable_path/Frameworks",
				);
				MARKETING_VERSION = 1.0;
				PRODUCT_BUNDLE_IDENTIFIER = Sudharaka.SinTypo;
				PRODUCT_NAME = "$(TARGET_NAME)";
				SWIFT_EMIT_LOC_STRINGS = YES;
				SWIFT_VERSION = 5.0;
				TARGETED_DEVICE_FAMILY = "1,2";
			};
			name = Debug;
		};
		FCBBD9212E8E95B50050232C /* Release */ = {
			isa = XCBuildConfiguration;
			buildSettings = {
				ASSETCATALOG_COMPILER_APPICON_NAME = AppIcon;
				ASSETCATALOG_COMPILER_GLOBAL_ACCENT_COLOR_NAME = AccentColor;
				CODE_SIGN_STYLE = Automatic;
				CURRENT_PROJECT_VERSION = 1;
				ENABLE_PREVIEWS = YES;
				GENERATE_INFOPLIST_FILE = YES;
				INFOPLIST_KEY_UIApplicationSceneManifest_Generation = YES;
				INFOPLIST_KEY_UIApplicationSupportsIndirectInputEvents = YES;
				INFOPLIST_KEY_UILaunchScreen_Generation = YES;
				INFOPLIST_KEY_UISupportedInterfaceOrientations_iPad = "UIInterfaceOrientationPortrait UIInterfaceOrientationPortraitUpsideDown UIInterfaceOrientationLandscapeLeft UIInterfaceOrientationLandscapeRight";
				INFOPLIST_KEY_UISupportedInterfaceOrientations_iPhone = "UIInterfaceOrientationPortrait UIInterfaceOrientationLandscapeLeft UIInterfaceOrientationLandscapeRight";
				LD_RUNPATH_SEARCH_PATHS = (
					"$(inherited)",
					"@executable_path/Frameworks",
				);
				MARKETING_VERSION = 1.0;
				PRODUCT_BUNDLE_IDENTIFIER = Sudharaka.SinTypo;
				PRODUCT_NAME = "$(TARGET_NAME)";
				SWIFT_EMIT_LOC_STRINGS = YES;
				SWIFT_VERSION = 5.0;
				TARGETED_DEVICE_FAMILY = "1,2";
			};
			name = Release;
		};
		FCBBD9232E8E95B50050232C /* Debug */ = {
			isa = XCBuildConfiguration;
			buildSettings = {
				BUNDLE_LOADER = "$(TEST_HOST)";
				CODE_SIGN_STYLE = Automatic;
				CURRENT_PROJECT_VERSION = 1;
				GENERATE_INFOPLIST_FILE = YES;
				IPHONEOS_DEPLOYMENT_TARGET = 18.5;
				MARKETING_VERSION = 1.0;
				PRODUCT_BUNDLE_IDENTIFIER = Sudharaka.SinTypoTests;
				PRODUCT_NAME = "$(TARGET_NAME)";
				SWIFT_EMIT_LOC_STRINGS = NO;
				SWIFT_VERSION = 5.0;
				TARGETED_DEVICE_FAMILY = "1,2";
				TEST_HOST = "$(BUILT_PRODUCTS_DIR)/SinTypo.app/$(BUNDLE_EXECUTABLE_FOLDER_PATH)/SinTypo";
			};
			name = Debug;
		};
		FCBBD9242E8E95B50050232C /* Release */ = {
			isa = XCBuildConfiguration;
			buildSettings = {
				BUNDLE_LOADER = "$(TEST_HOST)";
				CODE_SIGN_STYLE = Automatic;
				CURRENT_PROJECT_VERSION = 1;
				GENERATE_INFOPLIST_FILE = YES;
				IPHONEOS_DEPLOYMENT_TARGET = 18.5;
				MARKETING_VERSION = 1.0;
				PRODUCT_BUNDLE_IDENTIFIER = Sudharaka.SinTypoTests;
				PRODUCT_NAME = "$(TARGET_NAME)";
				SWIFT_EMIT_LOC_STRINGS = NO;
				SWIFT_VERSION = 5.0;
				TARGETED_DEVICE_FAMILY = "1,2";
				TEST_HOST = "$(BUILT_PRODUCTS_DIR)/SinTypo.app/$(BUNDLE_EXECUTABLE_FOLDER_PATH)/SinTypo";
			};
			name = Release;
		};
		FCBBD9262E8E95B50050232C /* Debug */ = {
			isa = XCBuildConfiguration;
			buildSettings = {
				CODE_SIGN_STYLE = Automatic;
				CURRENT_PROJECT_VERSION = 1;
				GENERATE_INFOPLIST_FILE = YES;
				MARKETING_VERSION = 1.0;
				PRODUCT_BUNDLE_IDENTIFIER = Sudharaka.SinTypoUITests;
				PRODUCT_NAME = "$(TARGET_NAME)";
				SWIFT_EMIT_LOC_STRINGS = NO;
				SWIFT_VERSION = 5.0;
				TARGETED_DEVICE_FAMILY = "1,2";
				TEST_TARGET_NAME = SinTypo;
			};
			name = Debug;
		};
		FCBBD9272E8E95B50050232C /* Release */ = {
			isa = XCBuildConfiguration;
			buildSettings = {
				CODE_SIGN_STYLE = Automatic;
				CURRENT_PROJECT_VERSION = 1;
				GENERATE_INFOPLIST_FILE = YES;
				MARKETING_VERSION = 1.0;
				PRODUCT_BUNDLE_IDENTIFIER = Sudharaka.SinTypoUITests;
				PRODUCT_NAME = "$(TARGET_NAME)";
				SWIFT_EMIT_LOC_STRINGS = NO;
				SWIFT_VERSION = 5.0;
				TARGETED_DEVICE_FAMILY = "1,2";
				TEST_TARGET_NAME = SinTypo;
			};
			name = Release;
		};
/* End XCBuildConfiguration section */

/* Begin XCConfigurationList section */
		FCBBD8F92E8E95B10050232C /* Build configuration list for PBXProject "SinTypo" */ = {
			isa = XCConfigurationList;
			buildConfigurations = (
				FCBBD91D2E8E95B50050232C /* Debug */,
				FCBBD91E2E8E95B50050232C /* Release */,
			);
			defaultConfigurationIsVisible = 0;
			defaultConfigurationName = Release;
		};
		FCBBD91F2E8E95B50050232C /* Build configuration list for PBXNativeTarget "SinTypo" */ = {
			isa = XCConfigurationList;
			buildConfigurations = (
				FCBBD9202E8E95B50050232C /* Debug */,
				FCBBD9212E8E95B50050232C /* Release */,
			);
			defaultConfigurationIsVisible = 0;
			defaultConfigurationName = Release;
		};
		FCBBD9222E8E95B50050232C /* Build configuration list for PBXNativeTarget "SinTypoTests" */ = {
			isa = XCConfigurationList;
			buildConfigurations = (
				FCBBD9232E8E95B50050232C /* Debug */,
				FCBBD9242E8E95B50050232C /* Release */,
			);
			defaultConfigurationIsVisible = 0;
			defaultConfigurationName = Release;
		};
		FCBBD9252E8E95B50050232C /* Build configuration list for PBXNativeTarget "SinTypoUITests" */ = {
			isa = XCConfigurationList;
			buildConfigurations = (
				FCBBD9262E8E95B50050232C /* Debug */,
				FCBBD9272E8E95B50050232C /* Release */,
			);
			defaultConfigurationIsVisible = 0;
			defaultConfigurationName = Release;
		};
/* End XCConfigurationList section */
	};
	rootObject = FCBBD8F62E8E95B10050232C /* Project object */;
}
